Microsoft Visual Studio Solution File, Format Version 12.00
# Visual Studio Version 17
VisualStudioVersion = 17.5.2.0
MinimumVisualStudioVersion = 10.0.40219.1
Project("{FAE04EC0-301F-11D3-BF4B-00C04F79EFBC}") = "GravitySwitcher", "GravitySwitcher.csproj", "{8D66E287-B885-D5DA-BFB1-51D401E18AD0}"
EndProject
Global
	GlobalSection(SolutionConfigurationPlatforms) = preSolution
		Debug|Any CPU = Debug|Any CPU
		Release|Any CPU = Release|Any CPU
	EndGlobalSection
	GlobalSection(ProjectConfigurationPlatforms) = postSolution
		{8D66E287-B885-D5DA-BFB1-51D401E18AD0}.Debug|Any CPU.ActiveCfg = Debug|Any CPU
		{8D66E287-B885-D5DA-BFB1-51D401E18AD0}.Debug|Any CPU.Build.0 = Debug|Any CPU
		{8D66E287-B885-D5DA-BFB1-51D401E18AD0}.Release|Any CPU.ActiveCfg = Release|Any CPU
		{8D66E287-B885-D5DA-BFB1-51D401E18AD0}.Release|Any CPU.Build.0 = Release|Any CPU
	EndGlobalSection
	GlobalSection(SolutionProperties) = preSolution
		HideSolutionNode = FALSE
	EndGlobalSection
	GlobalSection(ExtensibilityGlobals) = postSolution
		SolutionGuid = {1815FC10-15CC-4EF5-911C-ACF0A69FF05A}
	EndGlobalSection
EndGlobal
